// !$*UTF8*$!
{
	archiveVersion = 1;
	classes = {
	};
	objectVersion = 46;
	objects = {

/* Begin PBXBuildFile section */
		FDDB0D5E1B7E912300673D61 /* main.m in Sources */ = {isa = PBXBuildFile; fileRef = FDDB0D5D1B7E912300673D61 /* main.m */; };
		FDDB0D611B7E912300673D61 /* AppDelegate.m in Sources */ = {isa = PBXBuildFile; fileRef = FDDB0D601B7E912300673D61 /* AppDelegate.m */; };
		FDDB0D641B7E912300673D61 /* ViewController.m in Sources */ = {isa = PBXBuildFile; fileRef = FDDB0D631B7E912300673D61 /* ViewController.m */; };
		FDDB0D671B7E912300673D61 /* Main.storyboard in Resources */ = {isa = PBXBuildFile; fileRef = FDDB0D651B7E912300673D61 /* Main.storyboard */; };
		FDDB0D691B7E912300673D61 /* Images.xcassets in Resources */ = {isa = PBXBuildFile; fileRef = FDDB0D681B7E912300673D61 /* Images.xcassets */; };
		FDDB0D6C1B7E912300673D61 /* LaunchScreen.xib in Resources */ = {isa = PBXBuildFile; fileRef = FDDB0D6A1B7E912300673D61 /* LaunchScreen.xib */; };
		FDDB0D781B7E912300673D61 /* jiratestTests.m in Sources */ = {isa = PBXBuildFile; fileRef = FDDB0D771B7E912300673D61 /* jiratestTests.m */; };
/* End PBXBuildFile section */

/* Begin PBXContainerItemProxy section */
		FDDB0D721B7E912300673D61 /* PBXContainerItemProxy */ = {
			isa = PBXContainerItemProxy;
			containerPortal = FDDB0D501B7E912300673D61 /* Project object */;
			proxyType = 1;
			remoteGlobalIDString = FDDB0D571B7E912300673D61;
			remoteInfo = jiratest;
		};
/* End PBXContainerItemProxy section */

/* Begin PBXFileReference section */
		FDDB0D581B7E912300673D61 /* jiratest.app */ = {isa = PBXFileReference; explicitFileType = wrapper.application; includeInIndex = 0; path = jiratest.app; sourceTree = BUILT_PRODUCTS_DIR; };
		FDDB0D5C1B7E912300673D61 /* Info.plist */ = {isa = PBXFileReference; lastKnownFileType = text.plist.xml; path = Info.plist; sourceTree = "<group>"; };
		FDDB0D5D1B7E912300673D61 /* main.m */ = {isa = PBXFileReference; lastKnownFileType = sourcecode.c.objc; path = main.m; sourceTree = "<group>"; };
		FDDB0D5F1B7E912300673D61 /* AppDelegate.h */ = {isa = PBXFileReference; lastKnownFileType = sourcecode.c.h; path = AppDelegate.h; sourceTree = "<group>"; };
		FDDB0D601B7E912300673D61 /* AppDelegate.m */ = {isa = PBXFileReference; lastKnownFileType = sourcecode.c.objc; path = AppDelegate.m; sourceTree = "<group>"; };
		FDDB0D621B7E912300673D61 /* ViewController.h */ = {isa = PBXFileReference; lastKnownFileType = sourcecode.c.h; path = ViewController.h; sourceTree = "<group>"; };
		FDDB0D631B7E912300673D61 /* ViewController.m */ = {isa = PBXFileReference; lastKnownFileType = sourcecode.c.objc; path = ViewController.m; sourceTree = "<group>"; };
		FDDB0D661B7E912300673D61 /* Base */ = {isa = PBXFileReference; lastKnownFileType = file.storyboard; name = Base; path = Base.lproj/Main.storyboard; sourceTree = "<group>"; };
		FDDB0D681B7E912300673D61 /* Images.xcassets */ = {isa = PBXFileReference; lastKnownFileType = folder.assetcatalog; path = Images.xcassets; sourceTree = "<group>"; };
		FDDB0D6B1B7E912300673D61 /* Base */ = {isa = PBXFileReference; lastKnownFileType = file.xib; name = Base; path = Base.lproj/LaunchScreen.xib; sourceTree = "<group>"; };
		FDDB0D711B7E912300673D61 /* jiratestTests.xctest */ = {isa = PBXFileReference; explicitFileType = wrapper.cfbundle; includeInIndex = 0; path = jiratestTests.xctest; sourceTree = BUILT_PRODUCTS_DIR; };
		FDDB0D761B7E912300673D61 /* Info.plist */ = {isa = PBXFileReference; lastKnownFileType = text.plist.xml; path = Info.plist; sourceTree = "<group>"; };
		FDDB0D771B7E912300673D61 /* jiratestTests.m */ = {isa = PBXFileReference; lastKnownFileType = sourcecode.c.objc; path = jiratestTests.m; sourceTree = "<group>"; };
/* End PBXFileReference section */

/* Begin PBXFrameworksBuildPhase section */
		FDDB0D551B7E912300673D61 /* Frameworks */ = {
			isa = PBXFrameworksBuildPhase;
			buildActionMask = 2147483647;
			files = (
			);
			runOnlyForDeploymentPostprocessing = 0;
		};
		FDDB0D6E1B7E912300673D61 /* Frameworks */ = {
			isa = PBXFrameworksBuildPhase;
			buildActionMask = 2147483647;
			files = (
			);
			runOnlyForDeploymentPostprocessing = 0;
		};
/* End PBXFrameworksBuildPhase section */

/* Begin PBXGroup section */
		FDDB0D4F1B7E912300673D61 = {
			isa = PBXGroup;
			children = (
				FDDB0D5A1B7E912300673D61 /* jiratest */,
				FDDB0D741B7E912300673D61 /* jiratestTests */,
				FDDB0D591B7E912300673D61 /* Products */,
			);
			sourceTree = "<group>";
		};
		FDDB0D591B7E912300673D61 /* Products */ = {
			isa = PBXGroup;
			children = (
				FDDB0D581B7E912300673D61 /* jiratest.app */,
				FDDB0D711B7E912300673D61 /* jiratestTests.xctest */,
			);
			name = Products;
			sourceTree = "<group>";
		};
		FDDB0D5A1B7E912300673D61 /* jiratest */ = {
			isa = PBXGroup;
			children = (
				FDDB0D5F1B7E912300673D61 /* AppDelegate.h */,
				FDDB0D601B7E912300673D61 /* AppDelegate.m */,
				FDDB0D621B7E912300673D61 /* ViewController.h */,
				FDDB0D631B7E912300673D61 /* ViewController.m */,
				FDDB0D651B7E912300673D61 /* Main.storyboard */,
				FDDB0D681B7E912300673D61 /* Images.xcassets */,
				FDDB0D6A1B7E912300673D61 /* LaunchScreen.xib */,
				FDDB0D5B1B7E912300673D61 /* Supporting Files */,
			);
			path = jiratest;
			sourceTree = "<group>";
		};
		FDDB0D5B1B7E912300673D61 /* Supporting Files */ = {
			isa = PBXGroup;
			children = (
				FDDB0D5C1B7E912300673D61 /* Info.plist */,
				FDDB0D5D1B7E912300673D61 /* main.m */,
			);
			name = "Supporting Files";
			sourceTree = "<group>";
		};
		FDDB0D741B7E912300673D61 /* jiratestTests */ = {
			isa = PBXGroup;
			children = (
				FDDB0D771B7E912300673D61 /* jiratestTests.m */,
				FDDB0D751B7E912300673D61 /* Supporting Files */,
			);
			path = jiratestTests;
			sourceTree = "<group>";
		};
		FDDB0D751B7E912300673D61 /* Supporting Files */ = {
			isa = PBXGroup;
			children = (
				FDDB0D761B7E912300673D61 /* Info.plist */,
			);
			name = "Supporting Files";
			sourceTree = "<group>";
		};
/* End PBXGroup section */

/* Begin PBXNativeTarget section */
		FDDB0D571B7E912300673D61 /* jiratest */ = {
			isa = PBXNativeTarget;
			buildConfigurationList = FDDB0D7B1B7E912300673D61 /* Build configuration list for PBXNativeTarget "jiratest" */;
			buildPhases = (
				FDDB0D541B7E912300673D61 /* Sources */,
				FDDB0D551B7E912300673D61 /* Frameworks */,
				FDDB0D561B7E912300673D61 /* Resources */,
			);
			buildRules = (
			);
			dependencies = (
			);
			name = jiratest;
			productName = jiratest;
			productReference = FDDB0D581B7E912300673D61 /* jiratest.app */;
			productType = "com.apple.product-type.application";
		};
		FDDB0D701B7E912300673D61 /* jiratestTests */ = {
			isa = PBXNativeTarget;
			buildConfigurationList = FDDB0D7E1B7E912300673D61 /* Build configuration list for PBXNativeTarget "jiratestTests" */;
			buildPhases = (
				FDDB0D6D1B7E912300673D61 /* Sources */,
				FDDB0D6E1B7E912300673D61 /* Frameworks */,
				FDDB0D6F1B7E912300673D61 /* Resources */,
			);
			buildRules = (
			);
			dependencies = (
				FDDB0D731B7E912300673D61 /* PBXTargetDependency */,
			);
			name = jiratestTests;
			productName = jiratestTests;
			productReference = FDDB0D711B7E912300673D61 /* jiratestTests.xctest */;
			productType = "com.apple.product-type.bundle.unit-test";
		};
/* End PBXNativeTarget section */

/* Begin PBXProject section */
		FDDB0D501B7E912300673D61 /* Project object */ = {
			isa = PBXProject;
			attributes = {
				LastUpgradeCheck = 0640;
				ORGANIZATIONNAME = "Philip Waller";
				TargetAttributes = {
					FDDB0D571B7E912300673D61 = {
						CreatedOnToolsVersion = 6.4;
					};
					FDDB0D701B7E912300673D61 = {
						CreatedOnToolsVersion = 6.4;
						TestTargetID = FDDB0D571B7E912300673D61;
					};
				};
			};
			buildConfigurationList = FDDB0D531B7E912300673D61 /* Build configuration list for PBXProject "jiratest" */;
			compatibilityVersion = "Xcode 3.2";
			developmentRegion = English;
			hasScannedForEncodings = 0;
			knownRegions = (
				en,
				Base,
			);
			mainGroup = FDDB0D4F1B7E912300673D61;
			productRefGroup = FDDB0D591B7E912300673D61 /* Products */;
			projectDirPath = "";
			projectRoot = "";
			targets = (
				FDDB0D571B7E912300673D61 /* jiratest */,
				FDDB0D701B7E912300673D61 /* jiratestTests */,
			);
		};
/* End PBXProject section */

/* Begin PBXResourcesBuildPhase section */
		FDDB0D561B7E912300673D61 /* Resources */ = {
			isa = PBXResourcesBuildPhase;
			buildActionMask = 2147483647;
			files = (
				FDDB0D671B7E912300673D61 /* Main.storyboard in Resources */,
				FDDB0D6C1B7E912300673D61 /* LaunchScreen.xib in Resources */,
				FDDB0D691B7E912300673D61 /* Images.xcassets in Resources */,
			);
			runOnlyForDeploymentPostprocessing = 0;
		};
		FDDB0D6F1B7E912300673D61 /* Resources */ = {
			isa = PBXResourcesBuildPhase;
			buildActionMask = 2147483647;
			files = (
			);
			runOnlyForDeploymentPostprocessing = 0;
		};
/* End PBXResourcesBuildPhase section */

/* Begin PBXSourcesBuildPhase section */
		FDDB0D541B7E912300673D61 /* Sources */ = {
			isa = PBXSourcesBuildPhase;
			buildActionMask = 2147483647;
			files = (
				FDDB0D641B7E912300673D61 /* ViewController.m in Sources */,
				FDDB0D611B7E912300673D61 /* AppDelegate.m in Sources */,
				FDDB0D5E1B7E912300673D61 /* main.m in Sources */,
			);
			runOnlyForDeploymentPostprocessing = 0;
		};
		FDDB0D6D1B7E912300673D61 /* Sources */ = {
			isa = PBXSourcesBuildPhase;
			buildActionMask = 2147483647;
			files = (
				FDDB0D781B7E912300673D61 /* jiratestTests.m in Sources */,
			);
			runOnlyForDeploymentPostprocessing = 0;
		};
/* End PBXSourcesBuildPhase section */

/* Begin PBXTargetDependency section */
		FDDB0D731B7E912300673D61 /* PBXTargetDependency */ = {
			isa = PBXTargetDependency;
			target = FDDB0D571B7E912300673D61 /* jiratest */;
			targetProxy = FDDB0D721B7E912300673D61 /* PBXContainerItemProxy */;
		};
/* End PBXTargetDependency section */

/* Begin PBXVariantGroup section */
		FDDB0D651B7E912300673D61 /* Main.storyboard */ = {
			isa = PBXVariantGroup;
			children = (
				FDDB0D661B7E912300673D61 /* Base */,
			);
			name = Main.storyboard;
			sourceTree = "<group>";
		};
		FDDB0D6A1B7E912300673D61 /* LaunchScreen.xib */ = {
			isa = PBXVariantGroup;
			children = (
				FDDB0D6B1B7E912300673D61 /* Base */,
			);
			name = LaunchScreen.xib;
			sourceTree = "<group>";
		};
/* End PBXVariantGroup section */

/* Begin XCBuildConfiguration section */
		FDDB0D791B7E912300673D61 /* Debug */ = {
			isa = XCBuildConfiguration;
			buildSettings = {
				ALWAYS_SEARCH_USER_PATHS = NO;
				CLANG_CXX_LANGUAGE_STANDARD = "gnu++0x";
				CLANG_CXX_LIBRARY = "libc++";
				CLANG_ENABLE_MODULES = YES;
				CLANG_ENABLE_OBJC_ARC = YES;
				CLANG_WARN_BOOL_CONVERSION = YES;
				CLANG_WARN_CONSTANT_CONVERSION = YES;
				CLANG_WARN_DIRECT_OBJC_ISA_USAGE = YES_ERROR;
				CLANG_WARN_EMPTY_BODY = YES;
				CLANG_WARN_ENUM_CONVERSION = YES;
				CLANG_WARN_INT_CONVERSION = YES;
				CLANG_WARN_OBJC_ROOT_CLASS = YES_ERROR;
				CLANG_WARN_UNREACHABLE_CODE = YES;
				CLANG_WARN__DUPLICATE_METHOD_MATCH = YES;
				"CODE_SIGN_IDENTITY[sdk=iphoneos*]" = "iPhone Developer";
				COPY_PHASE_STRIP = NO;
				DEBUG_INFORMATION_FORMAT = "dwarf-with-dsym";
				ENABLE_STRICT_OBJC_MSGSEND = YES;
				GCC_C_LANGUAGE_STANDARD = gnu99;
				GCC_DYNAMIC_NO_PIC = NO;
				GCC_NO_COMMON_BLOCKS = YES;
				GCC_OPTIMIZATION_LEVEL = 0;
				GCC_PREPROCESSOR_DEFINITIONS = (
					"DEBUG=1",
					"$(inherited)",
				);
				GCC_SYMBOLS_PRIVATE_EXTERN = NO;
				GCC_WARN_64_TO_32_BIT_CONVERSION = YES;
				GCC_WARN_ABOUT_RETURN_TYPE = YES_ERROR;
				GCC_WARN_UNDECLARED_SELECTOR = YES;
				GCC_WARN_UNINITIALIZED_AUTOS = YES_AGGRESSIVE;
				GCC_WARN_UNUSED_FUNCTION = YES;
				GCC_WARN_UNUSED_VARIABLE = YES;
				IPHONEOS_DEPLOYMENT_TARGET = 8.4;
				MTL_ENABLE_DEBUG_INFO = YES;
				ONLY_ACTIVE_ARCH = YES;
				SDKROOT = iphoneos;
				TARGETED_DEVICE_FAMILY = "1,2";
			};
			name = Debug;
		};
		FDDB0D7A1B7E912300673D61 /* Release */ = {
			isa = XCBuildConfiguration;
			buildSettings = {
				ALWAYS_SEARCH_USER_PATHS = NO;
				CLANG_CXX_LANGUAGE_STANDARD = "gnu++0x";
				CLANG_CXX_LIBRARY = "libc++";
				CLANG_ENABLE_MODULES = YES;
				CLANG_ENABLE_OBJC_ARC = YES;
				CLANG_WARN_BOOL_CONVERSION = YES;
				CLANG_WARN_CONSTANT_CONVERSION = YES;
				CLANG_WARN_DIRECT_OBJC_ISA_USAGE = YES_ERROR;
				CLANG_WARN_EMPTY_BODY = YES;
				CLANG_WARN_ENUM_CONVERSION = YES;
				CLANG_WARN_INT_CONVERSION = YES;
				CLANG_WARN_OBJC_ROOT_CLASS = YES_ERROR;
				CLANG_WARN_UNREACHABLE_CODE = YES;
				CLANG_WARN__DUPLICATE_METHOD_MATCH = YES;
				"CODE_SIGN_IDENTITY[sdk=iphoneos*]" = "iPhone Developer";
				COPY_PHASE_STRIP = NO;
				DEBUG_INFORMATION_FORMAT = "dwarf-with-dsym";
				ENABLE_NS_ASSERTIONS = NO;
				ENABLE_STRICT_OBJC_MSGSEND = YES;
				GCC_C_LANGUAGE_STANDARD = gnu99;
				GCC_NO_COMMON_BLOCKS = YES;
				GCC_WARN_64_TO_32_BIT_CONVERSION = YES;
				GCC_WARN_ABOUT_RETURN_TYPE = YES_ERROR;
				GCC_WARN_UNDECLARED_SELECTOR = YES;
				GCC_WARN_UNINITIALIZED_AUTOS = YES_AGGRESSIVE;
				GCC_WARN_UNUSED_FUNCTION = YES;
				GCC_WARN_UNUSED_VARIABLE = YES;
				IPHONEOS_DEPLOYMENT_TARGET = 8.4;
				MTL_ENABLE_DEBUG_INFO = NO;
				SDKROOT = iphoneos;
				TARGETED_DEVICE_FAMILY = "1,2";
				VALIDATE_PRODUCT = YES;
			};
			name = Release;
		};
		FDDB0D7C1B7E912300673D61 /* Debug */ = {
			isa = XCBuildConfiguration;
			buildSettings = {
				ASSETCATALOG_COMPILER_APPICON_NAME = AppIcon;
				INFOPLIST_FILE = jiratest/Info.plist;
				LD_RUNPATH_SEARCH_PATHS = "$(inherited) @executable_path/Frameworks";
				PRODUCT_NAME = "$(TARGET_NAME)";
			};
			name = Debug;
		};
		FDDB0D7D1B7E912300673D61 /* Release */ = {
			isa = XCBuildConfiguration;
			buildSettings = {
				ASSETCATALOG_COMPILER_APPICON_NAME = AppIcon;
				INFOPLIST_FILE = jiratest/Info.plist;
				LD_RUNPATH_SEARCH_PATHS = "$(inherited) @executable_path/Frameworks";
				PRODUCT_NAME = "$(TARGET_NAME)";
			};
			name = Release;
		};
		FDDB0D7F1B7E912300673D61 /* Debug */ = {
			isa = XCBuildConfiguration;
			buildSettings = {
				BUNDLE_LOADER = "$(TEST_HOST)";
				FRAMEWORK_SEARCH_PATHS = (
					"$(SDKROOT)/Developer/Library/Frameworks",
					"$(inherited)",
				);
				GCC_PREPROCESSOR_DEFINITIONS = (
					"DEBUG=1",
					"$(inherited)",
				);
				INFOPLIST_FILE = jiratestTests/Info.plist;
				LD_RUNPATH_SEARCH_PATHS = "$(inherited) @executable_path/Frameworks @loader_path/Frameworks";
				PRODUCT_NAME = "$(TARGET_NAME)";
				TEST_HOST = "$(BUILT_PRODUCTS_DIR)/jiratest.app/jiratest";
			};
			name = Debug;
		};
		FDDB0D801B7E912300673D61 /* Release */ = {
			isa = XCBuildConfiguration;
			buildSettings = {
				BUNDLE_LOADER = "$(TEST_HOST)";
				FRAMEWORK_SEARCH_PATHS = (
					"$(SDKROOT)/Developer/Library/Frameworks",
					"$(inherited)",
				);
				INFOPLIST_FILE = jiratestTests/Info.plist;
				LD_RUNPATH_SEARCH_PATHS = "$(inherited) @executable_path/Frameworks @loader_path/Frameworks";
				PRODUCT_NAME = "$(TARGET_NAME)";
				TEST_HOST = "$(BUILT_PRODUCTS_DIR)/jiratest.app/jiratest";
			};
			name = Release;
		};
/* End XCBuildConfiguration section */

/* Begin XCConfigurationList section */
		FDDB0D531B7E912300673D61 /* Build configuration list for PBXProject "jiratest" */ = {
			isa = XCConfigurationList;
			buildConfigurations = (
				FDDB0D791B7E912300673D61 /* Debug */,
				FDDB0D7A1B7E912300673D61 /* Release */,
			);
			defaultConfigurationIsVisible = 0;
			defaultConfigurationName = Release;
		};
		FDDB0D7B1B7E912300673D61 /* Build configuration list for PBXNativeTarget "jiratest" */ = {
			isa = XCConfigurationList;
			buildConfigurations = (
				FDDB0D7C1B7E912300673D61 /* Debug */,
				FDDB0D7D1B7E912300673D61 /* Release */,
			);
			defaultConfigurationIsVisible = 0;
		};
		FDDB0D7E1B7E912300673D61 /* Build configuration list for PBXNativeTarget "jiratestTests" */ = {
			isa = XCConfigurationList;
			buildConfigurations = (
				FDDB0D7F1B7E912300673D61 /* Debug */,
				FDDB0D801B7E912300673D61 /* Release */,
			);
			defaultConfigurationIsVisible = 0;
		};
/* End XCConfigurationList section */
	};
	rootObject = FDDB0D501B7E912300673D61 /* Project object */;
}
